
Microsoft Visual Studio Solution File, Format Version 12.00
# Visual Studio Version 17
VisualStudioVersion = 17.8.34330.188
MinimumVisualStudioVersion = 10.0.40219.1
Project("{9A19103F-16F7-4668-BE54-9A1E7A4F7556}") = "DemoExchangeRate", "DemoExchangeRate\DemoExchangeRate.csproj", "{2AEE2CAA-960E-44EA-911D-B732D2F85DB8}"
EndProject
Project("{FAE04EC0-301F-11D3-BF4B-00C04F79EFBC}") = "DemoExchangeRate.Tests", "DemoExchangeRate.Tests\DemoExchangeRate.Tests.csproj", "{555149FC-3E24-4CC1-BC4F-225C9BFFA0D4}"
EndProject
Global
	GlobalSection(SolutionConfigurationPlatforms) = preSolution
		Debug|Any CPU = Debug|Any CPU
		Release|Any CPU = Release|Any CPU
	EndGlobalSection
	GlobalSection(ProjectConfigurationPlatforms) = postSolution
		{2AEE2CAA-960E-44EA-911D-B732D2F85DB8}.Debug|Any CPU.ActiveCfg = Debug|Any CPU
		{2AEE2CAA-960E-44EA-911D-B732D2F85DB8}.Debug|Any CPU.Build.0 = Debug|Any CPU
		{2AEE2CAA-960E-44EA-911D-B732D2F85DB8}.Release|Any CPU.ActiveCfg = Release|Any CPU
		{2AEE2CAA-960E-44EA-911D-B732D2F85DB8}.Release|Any CPU.Build.0 = Release|Any CPU
		{555149FC-3E24-4CC1-BC4F-225C9BFFA0D4}.Debug|Any CPU.ActiveCfg = Debug|Any CPU
		{555149FC-3E24-4CC1-BC4F-225C9BFFA0D4}.Debug|Any CPU.Build.0 = Debug|Any CPU
		{555149FC-3E24-4CC1-BC4F-225C9BFFA0D4}.Release|Any CPU.ActiveCfg = Release|Any CPU
		{555149FC-3E24-4CC1-BC4F-225C9BFFA0D4}.Release|Any CPU.Build.0 = Release|Any CPU
	EndGlobalSection
	GlobalSection(SolutionProperties) = preSolution
		HideSolutionNode = FALSE
	EndGlobalSection
	GlobalSection(ExtensibilityGlobals) = postSolution
		SolutionGuid = {62C0E199-8AB9-46D2-87DC-B7DE9FB9C760}
	EndGlobalSection
EndGlobal
